github.com/prakasiwi/belajar-golang v1.0.2 h1:AJxS3WcZMGx7SpXX9i8DvasL3gqzvO8x3ZvpebRh5lY=
github.com/prakasiwi/belajar-golang v1.0.2/go.mod h1:s+9VP5fou3uYveOW8oSCWOPtIPMWJ50OmbiiLS6SY28=
github.com/prakasiwi/belajar-golang v1.0.3 h1:t0iY3WAnpHCiL0wQxVLwFJJm8lNbstuC/1V9OD4w6Hs=
github.com/prakasiwi/belajar-golang v1.0.3/go.mod h1:s+9VP5fou3uYveOW8oSCWOPtIPMWJ50OmbiiLS6SY28=
github.com/prakasiwi/belajar-golang/v2 v2.0.0 h1:OWg7FHUhfT79rYDSGsRmHnSSUuAo7nzkW/3Q4ZVR7ow=
github.com/prakasiwi/belajar-golang/v2 v2.0.0/go.mod h1:MUkTi9QvBjJK0wy4NkVl5mKXei2sdi02zGHDoMaITOU=
